// !$*UTF8*$!
{
	archiveVersion = 1;
	classes = {
	};
	objectVersion = 50;
	objects = {

/* Begin PBXBuildFile section */
		4673428D23DB782E004472C1 /* AppDelegate.swift in Sources */ = {isa = PBXBuildFile; fileRef = 4673428C23DB782E004472C1 /* AppDelegate.swift */; };
		4673428F23DB782E004472C1 /* SceneDelegate.swift in Sources */ = {isa = PBXBuildFile; fileRef = 4673428E23DB782E004472C1 /* SceneDelegate.swift */; };
		4673429123DB782E004472C1 /* ViewController.swift in Sources */ = {isa = PBXBuildFile; fileRef = 4673429023DB782E004472C1 /* ViewController.swift */; };
		4673429623DB7830004472C1 /* Assets.xcassets in Resources */ = {isa = PBXBuildFile; fileRef = 4673429523DB7830004472C1 /* Assets.xcassets */; };
		4673429923DB7830004472C1 /* LaunchScreen.storyboard in Resources */ = {isa = PBXBuildFile; fileRef = 4673429723DB7830004472C1 /* LaunchScreen.storyboard */; };
		467342A123DB794A004472C1 /* Profile.storyboard in Resources */ = {isa = PBXBuildFile; fileRef = 467342A023DB794A004472C1 /* Profile.storyboard */; };
		46FC457A23DCF8D7008101D1 /* proxima_nova_reg.ttf in Resources */ = {isa = PBXBuildFile; fileRef = 46FC457923DCF89C008101D1 /* proxima_nova_reg.ttf */; };
/* End PBXBuildFile section */

/* Begin PBXFileReference section */
		4673428923DB782D004472C1 /* profile.app */ = {isa = PBXFileReference; explicitFileType = wrapper.application; includeInIndex = 0; path = profile.app; sourceTree = BUILT_PRODUCTS_DIR; };
		4673428C23DB782E004472C1 /* AppDelegate.swift */ = {isa = PBXFileReference; lastKnownFileType = sourcecode.swift; path = AppDelegate.swift; sourceTree = "<group>"; };
		4673428E23DB782E004472C1 /* SceneDelegate.swift */ = {isa = PBXFileReference; lastKnownFileType = sourcecode.swift; path = SceneDelegate.swift; sourceTree = "<group>"; };
		4673429023DB782E004472C1 /* ViewController.swift */ = {isa = PBXFileReference; lastKnownFileType = sourcecode.swift; path = ViewController.swift; sourceTree = "<group>"; };
		4673429523DB7830004472C1 /* Assets.xcassets */ = {isa = PBXFileReference; lastKnownFileType = folder.assetcatalog; path = Assets.xcassets; sourceTree = "<group>"; };
		4673429823DB7830004472C1 /* Base */ = {isa = PBXFileReference; lastKnownFileType = file.storyboard; name = Base; path = Base.lproj/LaunchScreen.storyboard; sourceTree = "<group>"; };
		4673429A23DB7830004472C1 /* Info.plist */ = {isa = PBXFileReference; lastKnownFileType = text.plist.xml; path = Info.plist; sourceTree = "<group>"; };
		467342A023DB794A004472C1 /* Profile.storyboard */ = {isa = PBXFileReference; lastKnownFileType = file.storyboard; path = Profile.storyboard; sourceTree = "<group>"; };
		46FC457923DCF89C008101D1 /* proxima_nova_reg.ttf */ = {isa = PBXFileReference; lastKnownFileType = file; path = proxima_nova_reg.ttf; sourceTree = "<group>"; };
/* End PBXFileReference section */

/* Begin PBXFrameworksBuildPhase section */
		4673428623DB782D004472C1 /* Frameworks */ = {
			isa = PBXFrameworksBuildPhase;
			buildActionMask = 2147483647;
			files = (
			);
			runOnlyForDeploymentPostprocessing = 0;
		};
/* End PBXFrameworksBuildPhase section */

/* Begin PBXGroup section */
		4673428023DB782D004472C1 = {
			isa = PBXGroup;
			children = (
				4673428B23DB782E004472C1 /* profile */,
				4673428A23DB782D004472C1 /* Products */,
			);
			sourceTree = "<group>";
		};
		4673428A23DB782D004472C1 /* Products */ = {
			isa = PBXGroup;
			children = (
				4673428923DB782D004472C1 /* profile.app */,
			);
			name = Products;
			sourceTree = "<group>";
		};
		4673428B23DB782E004472C1 /* profile */ = {
			isa = PBXGroup;
			children = (
				46FC457823DCF834008101D1 /* font */,
				4673428C23DB782E004472C1 /* AppDelegate.swift */,
				4673428E23DB782E004472C1 /* SceneDelegate.swift */,
				4673429023DB782E004472C1 /* ViewController.swift */,
				467342A023DB794A004472C1 /* Profile.storyboard */,
				4673429523DB7830004472C1 /* Assets.xcassets */,
				4673429723DB7830004472C1 /* LaunchScreen.storyboard */,
				4673429A23DB7830004472C1 /* Info.plist */,
			);
			path = profile;
			sourceTree = "<group>";
		};
		46FC457823DCF834008101D1 /* font */ = {
			isa = PBXGroup;
			children = (
				46FC457923DCF89C008101D1 /* proxima_nova_reg.ttf */,
			);
			path = font;
			sourceTree = "<group>";
		};
/* End PBXGroup section */

/* Begin PBXNativeTarget section */
		4673428823DB782D004472C1 /* profile */ = {
			isa = PBXNativeTarget;
			buildConfigurationList = 4673429D23DB7830004472C1 /* Build configuration list for PBXNativeTarget "profile" */;
			buildPhases = (
				4673428523DB782D004472C1 /* Sources */,
				4673428623DB782D004472C1 /* Frameworks */,
				4673428723DB782D004472C1 /* Resources */,
			);
			buildRules = (
			);
			dependencies = (
			);
			name = profile;
			productName = profile;
			productReference = 4673428923DB782D004472C1 /* profile.app */;
			productType = "com.apple.product-type.application";
		};
/* End PBXNativeTarget section */

/* Begin PBXProject section */
		4673428123DB782D004472C1 /* Project object */ = {
			isa = PBXProject;
			attributes = {
				LastSwiftUpdateCheck = 1120;
				LastUpgradeCheck = 1120;
				ORGANIZATIONNAME = "Ahmed Gedi";
				TargetAttributes = {
					4673428823DB782D004472C1 = {
						CreatedOnToolsVersion = 11.2.1;
					};
				};
			};
			buildConfigurationList = 4673428423DB782D004472C1 /* Build configuration list for PBXProject "profile" */;
			compatibilityVersion = "Xcode 9.3";
			developmentRegion = en;
			hasScannedForEncodings = 0;
			knownRegions = (
				en,
				Base,
			);
			mainGroup = 4673428023DB782D004472C1;
			productRefGroup = 4673428A23DB782D004472C1 /* Products */;
			projectDirPath = "";
			projectRoot = "";
			targets = (
				4673428823DB782D004472C1 /* profile */,
			);
		};
/* End PBXProject section */

/* Begin PBXResourcesBuildPhase section */
		4673428723DB782D004472C1 /* Resources */ = {
			isa = PBXResourcesBuildPhase;
			buildActionMask = 2147483647;
			files = (
				46FC457A23DCF8D7008101D1 /* proxima_nova_reg.ttf in Resources */,
				4673429923DB7830004472C1 /* LaunchScreen.storyboard in Resources */,
				4673429623DB7830004472C1 /* Assets.xcassets in Resources */,
				467342A123DB794A004472C1 /* Profile.storyboard in Resources */,
			);
			runOnlyForDeploymentPostprocessing = 0;
		};
/* End PBXResourcesBuildPhase section */

/* Begin PBXSourcesBuildPhase section */
		4673428523DB782D004472C1 /* Sources */ = {
			isa = PBXSourcesBuildPhase;
			buildActionMask = 2147483647;
			files = (
				4673429123DB782E004472C1 /* ViewController.swift in Sources */,
				4673428D23DB782E004472C1 /* AppDelegate.swift in Sources */,
				4673428F23DB782E004472C1 /* SceneDelegate.swift in Sources */,
			);
			runOnlyForDeploymentPostprocessing = 0;
		};
/* End PBXSourcesBuildPhase section */

/* Begin PBXVariantGroup section */
		4673429723DB7830004472C1 /* LaunchScreen.storyboard */ = {
			isa = PBXVariantGroup;
			children = (
				4673429823DB7830004472C1 /* Base */,
			);
			name = LaunchScreen.storyboard;
			sourceTree = "<group>";
		};
/* End PBXVariantGroup section */

/* Begin XCBuildConfiguration section */
		4673429B23DB7830004472C1 /* Debug */ = {
			isa = XCBuildConfiguration;
			buildSettings = {
				ALWAYS_SEARCH_USER_PATHS = NO;
				CLANG_ANALYZER_NONNULL = YES;
				CLANG_ANALYZER_NUMBER_OBJECT_CONVERSION = YES_AGGRESSIVE;
				CLANG_CXX_LANGUAGE_STANDARD = "gnu++14";
				CLANG_CXX_LIBRARY = "libc++";
				CLANG_ENABLE_MODULES = YES;
				CLANG_ENABLE_OBJC_ARC = YES;
				CLANG_ENABLE_OBJC_WEAK = YES;
				CLANG_WARN_BLOCK_CAPTURE_AUTORELEASING = YES;
				CLANG_WARN_BOOL_CONVERSION = YES;
				CLANG_WARN_COMMA = YES;
				CLANG_WARN_CONSTANT_CONVERSION = YES;
				CLANG_WARN_DEPRECATED_OBJC_IMPLEMENTATIONS = YES;
				CLANG_WARN_DIRECT_OBJC_ISA_USAGE = YES_ERROR;
				CLANG_WARN_DOCUMENTATION_COMMENTS = YES;
				CLANG_WARN_EMPTY_BODY = YES;
				CLANG_WARN_ENUM_CONVERSION = YES;
				CLANG_WARN_INFINITE_RECURSION = YES;
				CLANG_WARN_INT_CONVERSION = YES;
				CLANG_WARN_NON_LITERAL_NULL_CONVERSION = YES;
				CLANG_WARN_OBJC_IMPLICIT_RETAIN_SELF = YES;
				CLANG_WARN_OBJC_LITERAL_CONVERSION = YES;
				CLANG_WARN_OBJC_ROOT_CLASS = YES_ERROR;
				CLANG_WARN_RANGE_LOOP_ANALYSIS = YES;
				CLANG_WARN_STRICT_PROTOTYPES = YES;
				CLANG_WARN_SUSPICIOUS_MOVE = YES;
				CLANG_WARN_UNGUARDED_AVAILABILITY = YES_AGGRESSIVE;
				CLANG_WARN_UNREACHABLE_CODE = YES;
				CLANG_WARN__DUPLICATE_METHOD_MATCH = YES;
				COPY_PHASE_STRIP = NO;
				DEBUG_INFORMATION_FORMAT = dwarf;
				ENABLE_STRICT_OBJC_MSGSEND = YES;
				ENABLE_TESTABILITY = YES;
				GCC_C_LANGUAGE_STANDARD = gnu11;
				GCC_DYNAMIC_NO_PIC = NO;
				GCC_NO_COMMON_BLOCKS = YES;
				GCC_OPTIMIZATION_LEVEL = 0;
				GCC_PREPROCESSOR_DEFINITIONS = (
					"DEBUG=1",
					"$(inherited)",
				);
				GCC_WARN_64_TO_32_BIT_CONVERSION = YES;
				GCC_WARN_ABOUT_RETURN_TYPE = YES_ERROR;
				GCC_WARN_UNDECLARED_SELECTOR = YES;
				GCC_WARN_UNINITIALIZED_AUTOS = YES_AGGRESSIVE;
				GCC_WARN_UNUSED_FUNCTION = YES;
				GCC_WARN_UNUSED_VARIABLE = YES;
				IPHONEOS_DEPLOYMENT_TARGET = 13.2;
				MTL_ENABLE_DEBUG_INFO = INCLUDE_SOURCE;
				MTL_FAST_MATH = YES;
				ONLY_ACTIVE_ARCH = YES;
				SDKROOT = iphoneos;
				SWIFT_ACTIVE_COMPILATION_CONDITIONS = DEBUG;
				SWIFT_OPTIMIZATION_LEVEL = "-Onone";
			};
			name = Debug;
		};
		4673429C23DB7830004472C1 /* Release */ = {
			isa = XCBuildConfiguration;
			buildSettings = {
				ALWAYS_SEARCH_USER_PATHS = NO;
				CLANG_ANALYZER_NONNULL = YES;
				CLANG_ANALYZER_NUMBER_OBJECT_CONVERSION = YES_AGGRESSIVE;
				CLANG_CXX_LANGUAGE_STANDARD = "gnu++14";
				CLANG_CXX_LIBRARY = "libc++";
				CLANG_ENABLE_MODULES = YES;
				CLANG_ENABLE_OBJC_ARC = YES;
				CLANG_ENABLE_OBJC_WEAK = YES;
				CLANG_WARN_BLOCK_CAPTURE_AUTORELEASING = YES;
				CLANG_WARN_BOOL_CONVERSION = YES;
				CLANG_WARN_COMMA = YES;
				CLANG_WARN_CONSTANT_CONVERSION = YES;
				CLANG_WARN_DEPRECATED_OBJC_IMPLEMENTATIONS = YES;
				CLANG_WARN_DIRECT_OBJC_ISA_USAGE = YES_ERROR;
				CLANG_WARN_DOCUMENTATION_COMMENTS = YES;
				CLANG_WARN_EMPTY_BODY = YES;
				CLANG_WARN_ENUM_CONVERSION = YES;
				CLANG_WARN_INFINITE_RECURSION = YES;
				CLANG_WARN_INT_CONVERSION = YES;
				CLANG_WARN_NON_LITERAL_NULL_CONVERSION = YES;
				CLANG_WARN_OBJC_IMPLICIT_RETAIN_SELF = YES;
				CLANG_WARN_OBJC_LITERAL_CONVERSION = YES;
				CLANG_WARN_OBJC_ROOT_CLASS = YES_ERROR;
				CLANG_WARN_RANGE_LOOP_ANALYSIS = YES;
				CLANG_WARN_STRICT_PROTOTYPES = YES;
				CLANG_WARN_SUSPICIOUS_MOVE = YES;
				CLANG_WARN_UNGUARDED_AVAILABILITY = YES_AGGRESSIVE;
				CLANG_WARN_UNREACHABLE_CODE = YES;
				CLANG_WARN__DUPLICATE_METHOD_MATCH = YES;
				COPY_PHASE_STRIP = NO;
				DEBUG_INFORMATION_FORMAT = "dwarf-with-dsym";
				ENABLE_NS_ASSERTIONS = NO;
				ENABLE_STRICT_OBJC_MSGSEND = YES;
				GCC_C_LANGUAGE_STANDARD = gnu11;
				GCC_NO_COMMON_BLOCKS = YES;
				GCC_WARN_64_TO_32_BIT_CONVERSION = YES;
				GCC_WARN_ABOUT_RETURN_TYPE = YES_ERROR;
				GCC_WARN_UNDECLARED_SELECTOR = YES;
				GCC_WARN_UNINITIALIZED_AUTOS = YES_AGGRESSIVE;
				GCC_WARN_UNUSED_FUNCTION = YES;
				GCC_WARN_UNUSED_VARIABLE = YES;
				IPHONEOS_DEPLOYMENT_TARGET = 13.2;
				MTL_ENABLE_DEBUG_INFO = NO;
				MTL_FAST_MATH = YES;
				SDKROOT = iphoneos;
				SWIFT_COMPILATION_MODE = wholemodule;
				SWIFT_OPTIMIZATION_LEVEL = "-O";
				VALIDATE_PRODUCT = YES;
			};
			name = Release;
		};
		4673429E23DB7830004472C1 /* Debug */ = {
			isa = XCBuildConfiguration;
			buildSettings = {
				ASSETCATALOG_COMPILER_APPICON_NAME = AppIcon;
				CODE_SIGN_STYLE = Automatic;
				DEVELOPMENT_TEAM = 8NHWSCYNF7;
				INFOPLIST_FILE = profile/Info.plist;
				LD_RUNPATH_SEARCH_PATHS = (
					"$(inherited)",
					"@executable_path/Frameworks",
				);
				PRODUCT_BUNDLE_IDENTIFIER = cinch.test.profile;
				PRODUCT_NAME = "$(TARGET_NAME)";
				SWIFT_VERSION = 5.0;
				TARGETED_DEVICE_FAMILY = "1,2";
			};
			name = Debug;
		};
		4673429F23DB7830004472C1 /* Release */ = {
			isa = XCBuildConfiguration;
			buildSettings = {
				ASSETCATALOG_COMPILER_APPICON_NAME = AppIcon;
				CODE_SIGN_STYLE = Automatic;
				DEVELOPMENT_TEAM = 8NHWSCYNF7;
				INFOPLIST_FILE = profile/Info.plist;
				LD_RUNPATH_SEARCH_PATHS = (
					"$(inherited)",
					"@executable_path/Frameworks",
				);
				PRODUCT_BUNDLE_IDENTIFIER = cinch.test.profile;
				PRODUCT_NAME = "$(TARGET_NAME)";
				SWIFT_VERSION = 5.0;
				TARGETED_DEVICE_FAMILY = "1,2";
			};
			name = Release;
		};
/* End XCBuildConfiguration section */

/* Begin XCConfigurationList section */
		4673428423DB782D004472C1 /* Build configuration list for PBXProject "profile" */ = {
			isa = XCConfigurationList;
			buildConfigurations = (
				4673429B23DB7830004472C1 /* Debug */,
				4673429C23DB7830004472C1 /* Release */,
			);
			defaultConfigurationIsVisible = 0;
			defaultConfigurationName = Release;
		};
		4673429D23DB7830004472C1 /* Build configuration list for PBXNativeTarget "profile" */ = {
			isa = XCConfigurationList;
			buildConfigurations = (
				4673429E23DB7830004472C1 /* Debug */,
				4673429F23DB7830004472C1 /* Release */,
			);
			defaultConfigurationIsVisible = 0;
			defaultConfigurationName = Release;
		};
/* End XCConfigurationList section */
	};
	rootObject = 4673428123DB782D004472C1 /* Project object */;
}
